
Microsoft Visual Studio Solution File, Format Version 12.00
# Visual Studio 14
VisualStudioVersion = 14.0.23107.0
MinimumVisualStudioVersion = 10.0.40219.1
Project("{2150E333-8FDC-42A3-9474-1A3956D46DE8}") = "UI", "UI", "{E806C1FA-4FDA-4CF3-9084-7200B6C46CA9}"
EndProject
Project("{2150E333-8FDC-42A3-9474-1A3956D46DE8}") = "Platforms", "Platforms", "{1E64E5F8-33CE-446A-ABFB-C7826C44E120}"
EndProject
Project("{2150E333-8FDC-42A3-9474-1A3956D46DE8}") = "Logic", "Logic", "{10A8C0C4-1A4D-447D-AEC7-CC1726D3555B}"
EndProject
Project("{2150E333-8FDC-42A3-9474-1A3956D46DE8}") = "Domain", "Domain", "{4B68A2DD-CAB2-40DC-BC93-02BB6BF0DBA6}"
EndProject
Project("{FAE04EC0-301F-11D3-BF4B-00C04F79EFBC}") = "SatrackTeam.Domain", "SatrackTeam.Domain\SatrackTeam.Domain.csproj", "{2D968A5E-4FC9-4180-826C-7AAB43F8B681}"
EndProject
Project("{FAE04EC0-301F-11D3-BF4B-00C04F79EFBC}") = "SatrackTeam.Infrastructure", "SatrackTeam.Infrastructure\SatrackTeam.Infrastructure.csproj", "{80265BC1-4EC7-454E-8528-834468DE883D}"
EndProject
Project("{FAE04EC0-301F-11D3-BF4B-00C04F79EFBC}") = "SatrackTeam.Logic", "SatrackTeam.Logic\SatrackTeam.Logic.csproj", "{2C785179-0D1D-4EC0-AB4F-2BD8335143D6}"
EndProject
Project("{FAE04EC0-301F-11D3-BF4B-00C04F79EFBC}") = "SatrackTeam.Cross.Droid", "SatrackTeam.Cross\SatrackTeam.Cross.Droid\SatrackTeam.Cross.Droid.csproj", "{31754560-AA79-4751-9807-775B78F26E91}"
EndProject
Project("{FAE04EC0-301F-11D3-BF4B-00C04F79EFBC}") = "SatrackTeam.Cross.iOS", "SatrackTeam.Cross\SatrackTeam.Cross.iOS\SatrackTeam.Cross.iOS.csproj", "{3B9D0F42-751B-48E9-A084-0BE32495C907}"
EndProject
Project("{FAE04EC0-301F-11D3-BF4B-00C04F79EFBC}") = "SatrackTeam.Cross.WinPhone", "SatrackTeam.Cross\SatrackTeam.Cross.WinPhone\SatrackTeam.Cross.WinPhone.csproj", "{A9D16C3E-75E8-45E2-94B8-ED2B7C35D92B}"
EndProject
Project("{FAE04EC0-301F-11D3-BF4B-00C04F79EFBC}") = "SatrackTeam.Cross", "SatrackTeam.Cross\SatrackTeam.Cross\SatrackTeam.Cross.csproj", "{98CA980E-6289-49E0-8C7C-378903EC4103}"
EndProject
Global
	GlobalSection(SolutionConfigurationPlatforms) = preSolution
		Ad-Hoc|Any CPU = Ad-Hoc|Any CPU
		Ad-Hoc|ARM = Ad-Hoc|ARM
		Ad-Hoc|iPhone = Ad-Hoc|iPhone
		Ad-Hoc|iPhoneSimulator = Ad-Hoc|iPhoneSimulator
		Ad-Hoc|x64 = Ad-Hoc|x64
		Ad-Hoc|x86 = Ad-Hoc|x86
		AppStore|Any CPU = AppStore|Any CPU
		AppStore|ARM = AppStore|ARM
		AppStore|iPhone = AppStore|iPhone
		AppStore|iPhoneSimulator = AppStore|iPhoneSimulator
		AppStore|x64 = AppStore|x64
		AppStore|x86 = AppStore|x86
		Debug|Any CPU = Debug|Any CPU
		Debug|ARM = Debug|ARM
		Debug|iPhone = Debug|iPhone
		Debug|iPhoneSimulator = Debug|iPhoneSimulator
		Debug|x64 = Debug|x64
		Debug|x86 = Debug|x86
		Release|Any CPU = Release|Any CPU
		Release|ARM = Release|ARM
		Release|iPhone = Release|iPhone
		Release|iPhoneSimulator = Release|iPhoneSimulator
		Release|x64 = Release|x64
		Release|x86 = Release|x86
	EndGlobalSection
	GlobalSection(ProjectConfigurationPlatforms) = postSolution
		{2D968A5E-4FC9-4180-826C-7AAB43F8B681}.Ad-Hoc|Any CPU.ActiveCfg = Release|Any CPU
		{2D968A5E-4FC9-4180-826C-7AAB43F8B681}.Ad-Hoc|Any CPU.Build.0 = Release|Any CPU
		{2D968A5E-4FC9-4180-826C-7AAB43F8B681}.Ad-Hoc|ARM.ActiveCfg = Release|Any CPU
		{2D968A5E-4FC9-4180-826C-7AAB43F8B681}.Ad-Hoc|ARM.Build.0 = Release|Any CPU
		{2D968A5E-4FC9-4180-826C-7AAB43F8B681}.Ad-Hoc|iPhone.ActiveCfg = Release|Any CPU
		{2D968A5E-4FC9-4180-826C-7AAB43F8B681}.Ad-Hoc|iPhone.Build.0 = Release|Any CPU
		{2D968A5E-4FC9-4180-826C-7AAB43F8B681}.Ad-Hoc|iPhoneSimulator.ActiveCfg = Release|Any CPU
		{2D968A5E-4FC9-4180-826C-7AAB43F8B681}.Ad-Hoc|iPhoneSimulator.Build.0 = Release|Any CPU
		{2D968A5E-4FC9-4180-826C-7AAB43F8B681}.Ad-Hoc|x64.ActiveCfg = Release|Any CPU
		{2D968A5E-4FC9-4180-826C-7AAB43F8B681}.Ad-Hoc|x64.Build.0 = Release|Any CPU
		{2D968A5E-4FC9-4180-826C-7AAB43F8B681}.Ad-Hoc|x86.ActiveCfg = Release|Any CPU
		{2D968A5E-4FC9-4180-826C-7AAB43F8B681}.Ad-Hoc|x86.Build.0 = Release|Any CPU
		{2D968A5E-4FC9-4180-826C-7AAB43F8B681}.AppStore|Any CPU.ActiveCfg = Release|Any CPU
		{2D968A5E-4FC9-4180-826C-7AAB43F8B681}.AppStore|Any CPU.Build.0 = Release|Any CPU
		{2D968A5E-4FC9-4180-826C-7AAB43F8B681}.AppStore|ARM.ActiveCfg = Release|Any CPU
		{2D968A5E-4FC9-4180-826C-7AAB43F8B681}.AppStore|ARM.Build.0 = Release|Any CPU
		{2D968A5E-4FC9-4180-826C-7AAB43F8B681}.AppStore|iPhone.ActiveCfg = Release|Any CPU
		{2D968A5E-4FC9-4180-826C-7AAB43F8B681}.AppStore|iPhone.Build.0 = Release|Any CPU
		{2D968A5E-4FC9-4180-826C-7AAB43F8B681}.AppStore|iPhoneSimulator.ActiveCfg = Release|Any CPU
		{2D968A5E-4FC9-4180-826C-7AAB43F8B681}.AppStore|iPhoneSimulator.Build.0 = Release|Any CPU
		{2D968A5E-4FC9-4180-826C-7AAB43F8B681}.AppStore|x64.ActiveCfg = Release|Any CPU
		{2D968A5E-4FC9-4180-826C-7AAB43F8B681}.AppStore|x64.Build.0 = Release|Any CPU
		{2D968A5E-4FC9-4180-826C-7AAB43F8B681}.AppStore|x86.ActiveCfg = Release|Any CPU
		{2D968A5E-4FC9-4180-826C-7AAB43F8B681}.AppStore|x86.Build.0 = Release|Any CPU
		{2D968A5E-4FC9-4180-826C-7AAB43F8B681}.Debug|Any CPU.ActiveCfg = Debug|Any CPU
		{2D968A5E-4FC9-4180-826C-7AAB43F8B681}.Debug|Any CPU.Build.0 = Debug|Any CPU
		{2D968A5E-4FC9-4180-826C-7AAB43F8B681}.Debug|ARM.ActiveCfg = Debug|Any CPU
		{2D968A5E-4FC9-4180-826C-7AAB43F8B681}.Debug|ARM.Build.0 = Debug|Any CPU
		{2D968A5E-4FC9-4180-826C-7AAB43F8B681}.Debug|iPhone.ActiveCfg = Debug|Any CPU
		{2D968A5E-4FC9-4180-826C-7AAB43F8B681}.Debug|iPhone.Build.0 = Debug|Any CPU
		{2D968A5E-4FC9-4180-826C-7AAB43F8B681}.Debug|iPhoneSimulator.ActiveCfg = Debug|Any CPU
		{2D968A5E-4FC9-4180-826C-7AAB43F8B681}.Debug|iPhoneSimulator.Build.0 = Debug|Any CPU
		{2D968A5E-4FC9-4180-826C-7AAB43F8B681}.Debug|x64.ActiveCfg = Debug|Any CPU
		{2D968A5E-4FC9-4180-826C-7AAB43F8B681}.Debug|x64.Build.0 = Debug|Any CPU
		{2D968A5E-4FC9-4180-826C-7AAB43F8B681}.Debug|x86.ActiveCfg = Debug|Any CPU
		{2D968A5E-4FC9-4180-826C-7AAB43F8B681}.Debug|x86.Build.0 = Debug|Any CPU
		{2D968A5E-4FC9-4180-826C-7AAB43F8B681}.Release|Any CPU.ActiveCfg = Release|Any CPU
		{2D968A5E-4FC9-4180-826C-7AAB43F8B681}.Release|Any CPU.Build.0 = Release|Any CPU
		{2D968A5E-4FC9-4180-826C-7AAB43F8B681}.Release|ARM.ActiveCfg = Release|Any CPU
		{2D968A5E-4FC9-4180-826C-7AAB43F8B681}.Release|ARM.Build.0 = Release|Any CPU
		{2D968A5E-4FC9-4180-826C-7AAB43F8B681}.Release|iPhone.ActiveCfg = Release|Any CPU
		{2D968A5E-4FC9-4180-826C-7AAB43F8B681}.Release|iPhone.Build.0 = Release|Any CPU
		{2D968A5E-4FC9-4180-826C-7AAB43F8B681}.Release|iPhoneSimulator.ActiveCfg = Release|Any CPU
		{2D968A5E-4FC9-4180-826C-7AAB43F8B681}.Release|iPhoneSimulator.Build.0 = Release|Any CPU
		{2D968A5E-4FC9-4180-826C-7AAB43F8B681}.Release|x64.ActiveCfg = Release|Any CPU
		{2D968A5E-4FC9-4180-826C-7AAB43F8B681}.Release|x64.Build.0 = Release|Any CPU
		{2D968A5E-4FC9-4180-826C-7AAB43F8B681}.Release|x86.ActiveCfg = Release|Any CPU
		{2D968A5E-4FC9-4180-826C-7AAB43F8B681}.Release|x86.Build.0 = Release|Any CPU
		{80265BC1-4EC7-454E-8528-834468DE883D}.Ad-Hoc|Any CPU.ActiveCfg = Release|Any CPU
		{80265BC1-4EC7-454E-8528-834468DE883D}.Ad-Hoc|Any CPU.Build.0 = Release|Any CPU
		{80265BC1-4EC7-454E-8528-834468DE883D}.Ad-Hoc|ARM.ActiveCfg = Release|Any CPU
		{80265BC1-4EC7-454E-8528-834468DE883D}.Ad-Hoc|ARM.Build.0 = Release|Any CPU
		{80265BC1-4EC7-454E-8528-834468DE883D}.Ad-Hoc|iPhone.ActiveCfg = Release|Any CPU
		{80265BC1-4EC7-454E-8528-834468DE883D}.Ad-Hoc|iPhone.Build.0 = Release|Any CPU
		{80265BC1-4EC7-454E-8528-834468DE883D}.Ad-Hoc|iPhoneSimulator.ActiveCfg = Release|Any CPU
		{80265BC1-4EC7-454E-8528-834468DE883D}.Ad-Hoc|iPhoneSimulator.Build.0 = Release|Any CPU
		{80265BC1-4EC7-454E-8528-834468DE883D}.Ad-Hoc|x64.ActiveCfg = Release|Any CPU
		{80265BC1-4EC7-454E-8528-834468DE883D}.Ad-Hoc|x64.Build.0 = Release|Any CPU
		{80265BC1-4EC7-454E-8528-834468DE883D}.Ad-Hoc|x86.ActiveCfg = Release|Any CPU
		{80265BC1-4EC7-454E-8528-834468DE883D}.Ad-Hoc|x86.Build.0 = Release|Any CPU
		{80265BC1-4EC7-454E-8528-834468DE883D}.AppStore|Any CPU.ActiveCfg = Release|Any CPU
		{80265BC1-4EC7-454E-8528-834468DE883D}.AppStore|Any CPU.Build.0 = Release|Any CPU
		{80265BC1-4EC7-454E-8528-834468DE883D}.AppStore|ARM.ActiveCfg = Release|Any CPU
		{80265BC1-4EC7-454E-8528-834468DE883D}.AppStore|ARM.Build.0 = Release|Any CPU
		{80265BC1-4EC7-454E-8528-834468DE883D}.AppStore|iPhone.ActiveCfg = Release|Any CPU
		{80265BC1-4EC7-454E-8528-834468DE883D}.AppStore|iPhone.Build.0 = Release|Any CPU
		{80265BC1-4EC7-454E-8528-834468DE883D}.AppStore|iPhoneSimulator.ActiveCfg = Release|Any CPU
		{80265BC1-4EC7-454E-8528-834468DE883D}.AppStore|iPhoneSimulator.Build.0 = Release|Any CPU
		{80265BC1-4EC7-454E-8528-834468DE883D}.AppStore|x64.ActiveCfg = Release|Any CPU
		{80265BC1-4EC7-454E-8528-834468DE883D}.AppStore|x64.Build.0 = Release|Any CPU
		{80265BC1-4EC7-454E-8528-834468DE883D}.AppStore|x86.ActiveCfg = Release|Any CPU
		{80265BC1-4EC7-454E-8528-834468DE883D}.AppStore|x86.Build.0 = Release|Any CPU
		{80265BC1-4EC7-454E-8528-834468DE883D}.Debug|Any CPU.ActiveCfg = Debug|Any CPU
		{80265BC1-4EC7-454E-8528-834468DE883D}.Debug|Any CPU.Build.0 = Debug|Any CPU
		{80265BC1-4EC7-454E-8528-834468DE883D}.Debug|ARM.ActiveCfg = Debug|Any CPU
		{80265BC1-4EC7-454E-8528-834468DE883D}.Debug|ARM.Build.0 = Debug|Any CPU
		{80265BC1-4EC7-454E-8528-834468DE883D}.Debug|iPhone.ActiveCfg = Debug|Any CPU
		{80265BC1-4EC7-454E-8528-834468DE883D}.Debug|iPhone.Build.0 = Debug|Any CPU
		{80265BC1-4EC7-454E-8528-834468DE883D}.Debug|iPhoneSimulator.ActiveCfg = Debug|Any CPU
		{80265BC1-4EC7-454E-8528-834468DE883D}.Debug|iPhoneSimulator.Build.0 = Debug|Any CPU
		{80265BC1-4EC7-454E-8528-834468DE883D}.Debug|x64.ActiveCfg = Debug|Any CPU
		{80265BC1-4EC7-454E-8528-834468DE883D}.Debug|x64.Build.0 = Debug|Any CPU
		{80265BC1-4EC7-454E-8528-834468DE883D}.Debug|x86.ActiveCfg = Debug|Any CPU
		{80265BC1-4EC7-454E-8528-834468DE883D}.Debug|x86.Build.0 = Debug|Any CPU
		{80265BC1-4EC7-454E-8528-834468DE883D}.Release|Any CPU.ActiveCfg = Release|Any CPU
		{80265BC1-4EC7-454E-8528-834468DE883D}.Release|Any CPU.Build.0 = Release|Any CPU
		{80265BC1-4EC7-454E-8528-834468DE883D}.Release|ARM.ActiveCfg = Release|Any CPU
		{80265BC1-4EC7-454E-8528-834468DE883D}.Release|ARM.Build.0 = Release|Any CPU
		{80265BC1-4EC7-454E-8528-834468DE883D}.Release|iPhone.ActiveCfg = Release|Any CPU
		{80265BC1-4EC7-454E-8528-834468DE883D}.Release|iPhone.Build.0 = Release|Any CPU
		{80265BC1-4EC7-454E-8528-834468DE883D}.Release|iPhoneSimulator.ActiveCfg = Release|Any CPU
		{80265BC1-4EC7-454E-8528-834468DE883D}.Release|iPhoneSimulator.Build.0 = Release|Any CPU
		{80265BC1-4EC7-454E-8528-834468DE883D}.Release|x64.ActiveCfg = Release|Any CPU
		{80265BC1-4EC7-454E-8528-834468DE883D}.Release|x64.Build.0 = Release|Any CPU
		{80265BC1-4EC7-454E-8528-834468DE883D}.Release|x86.ActiveCfg = Release|Any CPU
		{80265BC1-4EC7-454E-8528-834468DE883D}.Release|x86.Build.0 = Release|Any CPU
		{2C785179-0D1D-4EC0-AB4F-2BD8335143D6}.Ad-Hoc|Any CPU.ActiveCfg = Release|Any CPU
		{2C785179-0D1D-4EC0-AB4F-2BD8335143D6}.Ad-Hoc|Any CPU.Build.0 = Release|Any CPU
		{2C785179-0D1D-4EC0-AB4F-2BD8335143D6}.Ad-Hoc|ARM.ActiveCfg = Release|Any CPU
		{2C785179-0D1D-4EC0-AB4F-2BD8335143D6}.Ad-Hoc|ARM.Build.0 = Release|Any CPU
		{2C785179-0D1D-4EC0-AB4F-2BD8335143D6}.Ad-Hoc|iPhone.ActiveCfg = Release|Any CPU
		{2C785179-0D1D-4EC0-AB4F-2BD8335143D6}.Ad-Hoc|iPhone.Build.0 = Release|Any CPU
		{2C785179-0D1D-4EC0-AB4F-2BD8335143D6}.Ad-Hoc|iPhoneSimulator.ActiveCfg = Release|Any CPU
		{2C785179-0D1D-4EC0-AB4F-2BD8335143D6}.Ad-Hoc|iPhoneSimulator.Build.0 = Release|Any CPU
		{2C785179-0D1D-4EC0-AB4F-2BD8335143D6}.Ad-Hoc|x64.ActiveCfg = Release|Any CPU
		{2C785179-0D1D-4EC0-AB4F-2BD8335143D6}.Ad-Hoc|x64.Build.0 = Release|Any CPU
		{2C785179-0D1D-4EC0-AB4F-2BD8335143D6}.Ad-Hoc|x86.ActiveCfg = Release|Any CPU
		{2C785179-0D1D-4EC0-AB4F-2BD8335143D6}.Ad-Hoc|x86.Build.0 = Release|Any CPU
		{2C785179-0D1D-4EC0-AB4F-2BD8335143D6}.AppStore|Any CPU.ActiveCfg = Release|Any CPU
		{2C785179-0D1D-4EC0-AB4F-2BD8335143D6}.AppStore|Any CPU.Build.0 = Release|Any CPU
		{2C785179-0D1D-4EC0-AB4F-2BD8335143D6}.AppStore|ARM.ActiveCfg = Release|Any CPU
		{2C785179-0D1D-4EC0-AB4F-2BD8335143D6}.AppStore|ARM.Build.0 = Release|Any CPU
		{2C785179-0D1D-4EC0-AB4F-2BD8335143D6}.AppStore|iPhone.ActiveCfg = Release|Any CPU
		{2C785179-0D1D-4EC0-AB4F-2BD8335143D6}.AppStore|iPhone.Build.0 = Release|Any CPU
		{2C785179-0D1D-4EC0-AB4F-2BD8335143D6}.AppStore|iPhoneSimulator.ActiveCfg = Release|Any CPU
		{2C785179-0D1D-4EC0-AB4F-2BD8335143D6}.AppStore|iPhoneSimulator.Build.0 = Release|Any CPU
		{2C785179-0D1D-4EC0-AB4F-2BD8335143D6}.AppStore|x64.ActiveCfg = Release|Any CPU
		{2C785179-0D1D-4EC0-AB4F-2BD8335143D6}.AppStore|x64.Build.0 = Release|Any CPU
		{2C785179-0D1D-4EC0-AB4F-2BD8335143D6}.AppStore|x86.ActiveCfg = Release|Any CPU
		{2C785179-0D1D-4EC0-AB4F-2BD8335143D6}.AppStore|x86.Build.0 = Release|Any CPU
		{2C785179-0D1D-4EC0-AB4F-2BD8335143D6}.Debug|Any CPU.ActiveCfg = Debug|Any CPU
		{2C785179-0D1D-4EC0-AB4F-2BD8335143D6}.Debug|Any CPU.Build.0 = Debug|Any CPU
		{2C785179-0D1D-4EC0-AB4F-2BD8335143D6}.Debug|ARM.ActiveCfg = Debug|Any CPU
		{2C785179-0D1D-4EC0-AB4F-2BD8335143D6}.Debug|ARM.Build.0 = Debug|Any CPU
		{2C785179-0D1D-4EC0-AB4F-2BD8335143D6}.Debug|iPhone.ActiveCfg = Debug|Any CPU
		{2C785179-0D1D-4EC0-AB4F-2BD8335143D6}.Debug|iPhone.Build.0 = Debug|Any CPU
		{2C785179-0D1D-4EC0-AB4F-2BD8335143D6}.Debug|iPhoneSimulator.ActiveCfg = Debug|Any CPU
		{2C785179-0D1D-4EC0-AB4F-2BD8335143D6}.Debug|iPhoneSimulator.Build.0 = Debug|Any CPU
		{2C785179-0D1D-4EC0-AB4F-2BD8335143D6}.Debug|x64.ActiveCfg = Debug|Any CPU
		{2C785179-0D1D-4EC0-AB4F-2BD8335143D6}.Debug|x64.Build.0 = Debug|Any CPU
		{2C785179-0D1D-4EC0-AB4F-2BD8335143D6}.Debug|x86.ActiveCfg = Debug|Any CPU
		{2C785179-0D1D-4EC0-AB4F-2BD8335143D6}.Debug|x86.Build.0 = Debug|Any CPU
		{2C785179-0D1D-4EC0-AB4F-2BD8335143D6}.Release|Any CPU.ActiveCfg = Release|Any CPU
		{2C785179-0D1D-4EC0-AB4F-2BD8335143D6}.Release|Any CPU.Build.0 = Release|Any CPU
		{2C785179-0D1D-4EC0-AB4F-2BD8335143D6}.Release|ARM.ActiveCfg = Release|Any CPU
		{2C785179-0D1D-4EC0-AB4F-2BD8335143D6}.Release|ARM.Build.0 = Release|Any CPU
		{2C785179-0D1D-4EC0-AB4F-2BD8335143D6}.Release|iPhone.ActiveCfg = Release|Any CPU
		{2C785179-0D1D-4EC0-AB4F-2BD8335143D6}.Release|iPhone.Build.0 = Release|Any CPU
		{2C785179-0D1D-4EC0-AB4F-2BD8335143D6}.Release|iPhoneSimulator.ActiveCfg = Release|Any CPU
		{2C785179-0D1D-4EC0-AB4F-2BD8335143D6}.Release|iPhoneSimulator.Build.0 = Release|Any CPU
		{2C785179-0D1D-4EC0-AB4F-2BD8335143D6}.Release|x64.ActiveCfg = Release|Any CPU
		{2C785179-0D1D-4EC0-AB4F-2BD8335143D6}.Release|x64.Build.0 = Release|Any CPU
		{2C785179-0D1D-4EC0-AB4F-2BD8335143D6}.Release|x86.ActiveCfg = Release|Any CPU
		{2C785179-0D1D-4EC0-AB4F-2BD8335143D6}.Release|x86.Build.0 = Release|Any CPU
		{31754560-AA79-4751-9807-775B78F26E91}.Ad-Hoc|Any CPU.ActiveCfg = Release|Any CPU
		{31754560-AA79-4751-9807-775B78F26E91}.Ad-Hoc|Any CPU.Build.0 = Release|Any CPU
		{31754560-AA79-4751-9807-775B78F26E91}.Ad-Hoc|Any CPU.Deploy.0 = Release|Any CPU
		{31754560-AA79-4751-9807-775B78F26E91}.Ad-Hoc|ARM.ActiveCfg = Release|Any CPU
		{31754560-AA79-4751-9807-775B78F26E91}.Ad-Hoc|ARM.Build.0 = Release|Any CPU
		{31754560-AA79-4751-9807-775B78F26E91}.Ad-Hoc|ARM.Deploy.0 = Release|Any CPU
		{31754560-AA79-4751-9807-775B78F26E91}.Ad-Hoc|iPhone.ActiveCfg = Release|Any CPU
		{31754560-AA79-4751-9807-775B78F26E91}.Ad-Hoc|iPhone.Build.0 = Release|Any CPU
		{31754560-AA79-4751-9807-775B78F26E91}.Ad-Hoc|iPhone.Deploy.0 = Release|Any CPU
		{31754560-AA79-4751-9807-775B78F26E91}.Ad-Hoc|iPhoneSimulator.ActiveCfg = Release|Any CPU
		{31754560-AA79-4751-9807-775B78F26E91}.Ad-Hoc|iPhoneSimulator.Build.0 = Release|Any CPU
		{31754560-AA79-4751-9807-775B78F26E91}.Ad-Hoc|iPhoneSimulator.Deploy.0 = Release|Any CPU
		{31754560-AA79-4751-9807-775B78F26E91}.Ad-Hoc|x64.ActiveCfg = Release|Any CPU
		{31754560-AA79-4751-9807-775B78F26E91}.Ad-Hoc|x64.Build.0 = Release|Any CPU
		{31754560-AA79-4751-9807-775B78F26E91}.Ad-Hoc|x64.Deploy.0 = Release|Any CPU
		{31754560-AA79-4751-9807-775B78F26E91}.Ad-Hoc|x86.ActiveCfg = Release|Any CPU
		{31754560-AA79-4751-9807-775B78F26E91}.Ad-Hoc|x86.Build.0 = Release|Any CPU
		{31754560-AA79-4751-9807-775B78F26E91}.Ad-Hoc|x86.Deploy.0 = Release|Any CPU
		{31754560-AA79-4751-9807-775B78F26E91}.AppStore|Any CPU.ActiveCfg = Release|Any CPU
		{31754560-AA79-4751-9807-775B78F26E91}.AppStore|Any CPU.Build.0 = Release|Any CPU
		{31754560-AA79-4751-9807-775B78F26E91}.AppStore|Any CPU.Deploy.0 = Release|Any CPU
		{31754560-AA79-4751-9807-775B78F26E91}.AppStore|ARM.ActiveCfg = Release|Any CPU
		{31754560-AA79-4751-9807-775B78F26E91}.AppStore|ARM.Build.0 = Release|Any CPU
		{31754560-AA79-4751-9807-775B78F26E91}.AppStore|ARM.Deploy.0 = Release|Any CPU
		{31754560-AA79-4751-9807-775B78F26E91}.AppStore|iPhone.ActiveCfg = Release|Any CPU
		{31754560-AA79-4751-9807-775B78F26E91}.AppStore|iPhone.Build.0 = Release|Any CPU
		{31754560-AA79-4751-9807-775B78F26E91}.AppStore|iPhone.Deploy.0 = Release|Any CPU
		{31754560-AA79-4751-9807-775B78F26E91}.AppStore|iPhoneSimulator.ActiveCfg = Release|Any CPU
		{31754560-AA79-4751-9807-775B78F26E91}.AppStore|iPhoneSimulator.Build.0 = Release|Any CPU
		{31754560-AA79-4751-9807-775B78F26E91}.AppStore|iPhoneSimulator.Deploy.0 = Release|Any CPU
		{31754560-AA79-4751-9807-775B78F26E91}.AppStore|x64.ActiveCfg = Release|Any CPU
		{31754560-AA79-4751-9807-775B78F26E91}.AppStore|x64.Build.0 = Release|Any CPU
		{31754560-AA79-4751-9807-775B78F26E91}.AppStore|x64.Deploy.0 = Release|Any CPU
		{31754560-AA79-4751-9807-775B78F26E91}.AppStore|x86.ActiveCfg = Release|Any CPU
		{31754560-AA79-4751-9807-775B78F26E91}.AppStore|x86.Build.0 = Release|Any CPU
		{31754560-AA79-4751-9807-775B78F26E91}.AppStore|x86.Deploy.0 = Release|Any CPU
		{31754560-AA79-4751-9807-775B78F26E91}.Debug|Any CPU.ActiveCfg = Debug|Any CPU
		{31754560-AA79-4751-9807-775B78F26E91}.Debug|Any CPU.Build.0 = Debug|Any CPU
		{31754560-AA79-4751-9807-775B78F26E91}.Debug|Any CPU.Deploy.0 = Debug|Any CPU
		{31754560-AA79-4751-9807-775B78F26E91}.Debug|ARM.ActiveCfg = Debug|Any CPU
		{31754560-AA79-4751-9807-775B78F26E91}.Debug|ARM.Build.0 = Debug|Any CPU
		{31754560-AA79-4751-9807-775B78F26E91}.Debug|ARM.Deploy.0 = Debug|Any CPU
		{31754560-AA79-4751-9807-775B78F26E91}.Debug|iPhone.ActiveCfg = Debug|Any CPU
		{31754560-AA79-4751-9807-775B78F26E91}.Debug|iPhone.Build.0 = Debug|Any CPU
		{31754560-AA79-4751-9807-775B78F26E91}.Debug|iPhone.Deploy.0 = Debug|Any CPU
		{31754560-AA79-4751-9807-775B78F26E91}.Debug|iPhoneSimulator.ActiveCfg = Debug|Any CPU
		{31754560-AA79-4751-9807-775B78F26E91}.Debug|iPhoneSimulator.Build.0 = Debug|Any CPU
		{31754560-AA79-4751-9807-775B78F26E91}.Debug|iPhoneSimulator.Deploy.0 = Debug|Any CPU
		{31754560-AA79-4751-9807-775B78F26E91}.Debug|x64.ActiveCfg = Debug|Any CPU
		{31754560-AA79-4751-9807-775B78F26E91}.Debug|x64.Build.0 = Debug|Any CPU
		{31754560-AA79-4751-9807-775B78F26E91}.Debug|x64.Deploy.0 = Debug|Any CPU
		{31754560-AA79-4751-9807-775B78F26E91}.Debug|x86.ActiveCfg = Debug|Any CPU
		{31754560-AA79-4751-9807-775B78F26E91}.Debug|x86.Build.0 = Debug|Any CPU
		{31754560-AA79-4751-9807-775B78F26E91}.Debug|x86.Deploy.0 = Debug|Any CPU
		{31754560-AA79-4751-9807-775B78F26E91}.Release|Any CPU.ActiveCfg = Release|Any CPU
		{31754560-AA79-4751-9807-775B78F26E91}.Release|Any CPU.Build.0 = Release|Any CPU
		{31754560-AA79-4751-9807-775B78F26E91}.Release|Any CPU.Deploy.0 = Release|Any CPU
		{31754560-AA79-4751-9807-775B78F26E91}.Release|ARM.ActiveCfg = Release|Any CPU
		{31754560-AA79-4751-9807-775B78F26E91}.Release|ARM.Build.0 = Release|Any CPU
		{31754560-AA79-4751-9807-775B78F26E91}.Release|ARM.Deploy.0 = Release|Any CPU
		{31754560-AA79-4751-9807-775B78F26E91}.Release|iPhone.ActiveCfg = Release|Any CPU
		{31754560-AA79-4751-9807-775B78F26E91}.Release|iPhone.Build.0 = Release|Any CPU
		{31754560-AA79-4751-9807-775B78F26E91}.Release|iPhone.Deploy.0 = Release|Any CPU
		{31754560-AA79-4751-9807-775B78F26E91}.Release|iPhoneSimulator.ActiveCfg = Release|Any CPU
		{31754560-AA79-4751-9807-775B78F26E91}.Release|iPhoneSimulator.Build.0 = Release|Any CPU
		{31754560-AA79-4751-9807-775B78F26E91}.Release|iPhoneSimulator.Deploy.0 = Release|Any CPU
		{31754560-AA79-4751-9807-775B78F26E91}.Release|x64.ActiveCfg = Release|Any CPU
		{31754560-AA79-4751-9807-775B78F26E91}.Release|x64.Build.0 = Release|Any CPU
		{31754560-AA79-4751-9807-775B78F26E91}.Release|x64.Deploy.0 = Release|Any CPU
		{31754560-AA79-4751-9807-775B78F26E91}.Release|x86.ActiveCfg = Release|Any CPU
		{31754560-AA79-4751-9807-775B78F26E91}.Release|x86.Build.0 = Release|Any CPU
		{31754560-AA79-4751-9807-775B78F26E91}.Release|x86.Deploy.0 = Release|Any CPU
		{3B9D0F42-751B-48E9-A084-0BE32495C907}.Ad-Hoc|Any CPU.ActiveCfg = Ad-Hoc|iPhone
		{3B9D0F42-751B-48E9-A084-0BE32495C907}.Ad-Hoc|ARM.ActiveCfg = Ad-Hoc|iPhone
		{3B9D0F42-751B-48E9-A084-0BE32495C907}.Ad-Hoc|iPhone.ActiveCfg = Ad-Hoc|iPhone
		{3B9D0F42-751B-48E9-A084-0BE32495C907}.Ad-Hoc|iPhone.Build.0 = Ad-Hoc|iPhone
		{3B9D0F42-751B-48E9-A084-0BE32495C907}.Ad-Hoc|iPhoneSimulator.ActiveCfg = Ad-Hoc|iPhoneSimulator
		{3B9D0F42-751B-48E9-A084-0BE32495C907}.Ad-Hoc|iPhoneSimulator.Build.0 = Ad-Hoc|iPhoneSimulator
		{3B9D0F42-751B-48E9-A084-0BE32495C907}.Ad-Hoc|x64.ActiveCfg = Ad-Hoc|iPhone
		{3B9D0F42-751B-48E9-A084-0BE32495C907}.Ad-Hoc|x86.ActiveCfg = Ad-Hoc|iPhone
		{3B9D0F42-751B-48E9-A084-0BE32495C907}.AppStore|Any CPU.ActiveCfg = AppStore|iPhone
		{3B9D0F42-751B-48E9-A084-0BE32495C907}.AppStore|ARM.ActiveCfg = AppStore|iPhone
		{3B9D0F42-751B-48E9-A084-0BE32495C907}.AppStore|iPhone.ActiveCfg = AppStore|iPhone
		{3B9D0F42-751B-48E9-A084-0BE32495C907}.AppStore|iPhone.Build.0 = AppStore|iPhone
		{3B9D0F42-751B-48E9-A084-0BE32495C907}.AppStore|iPhoneSimulator.ActiveCfg = AppStore|iPhoneSimulator
		{3B9D0F42-751B-48E9-A084-0BE32495C907}.AppStore|iPhoneSimulator.Build.0 = AppStore|iPhoneSimulator
		{3B9D0F42-751B-48E9-A084-0BE32495C907}.AppStore|x64.ActiveCfg = AppStore|iPhone
		{3B9D0F42-751B-48E9-A084-0BE32495C907}.AppStore|x86.ActiveCfg = AppStore|iPhone
		{3B9D0F42-751B-48E9-A084-0BE32495C907}.Debug|Any CPU.ActiveCfg = Debug|iPhone
		{3B9D0F42-751B-48E9-A084-0BE32495C907}.Debug|ARM.ActiveCfg = Debug|iPhone
		{3B9D0F42-751B-48E9-A084-0BE32495C907}.Debug|iPhone.ActiveCfg = Debug|iPhone
		{3B9D0F42-751B-48E9-A084-0BE32495C907}.Debug|iPhone.Build.0 = Debug|iPhone
		{3B9D0F42-751B-48E9-A084-0BE32495C907}.Debug|iPhoneSimulator.ActiveCfg = Debug|iPhoneSimulator
		{3B9D0F42-751B-48E9-A084-0BE32495C907}.Debug|iPhoneSimulator.Build.0 = Debug|iPhoneSimulator
		{3B9D0F42-751B-48E9-A084-0BE32495C907}.Debug|x64.ActiveCfg = Debug|iPhone
		{3B9D0F42-751B-48E9-A084-0BE32495C907}.Debug|x86.ActiveCfg = Debug|iPhone
		{3B9D0F42-751B-48E9-A084-0BE32495C907}.Release|Any CPU.ActiveCfg = Release|iPhone
		{3B9D0F42-751B-48E9-A084-0BE32495C907}.Release|ARM.ActiveCfg = Release|iPhone
		{3B9D0F42-751B-48E9-A084-0BE32495C907}.Release|iPhone.ActiveCfg = Release|iPhone
		{3B9D0F42-751B-48E9-A084-0BE32495C907}.Release|iPhone.Build.0 = Release|iPhone
		{3B9D0F42-751B-48E9-A084-0BE32495C907}.Release|iPhoneSimulator.ActiveCfg = Release|iPhoneSimulator
		{3B9D0F42-751B-48E9-A084-0BE32495C907}.Release|iPhoneSimulator.Build.0 = Release|iPhoneSimulator
		{3B9D0F42-751B-48E9-A084-0BE32495C907}.Release|x64.ActiveCfg = Release|iPhone
		{3B9D0F42-751B-48E9-A084-0BE32495C907}.Release|x86.ActiveCfg = Release|iPhone
		{A9D16C3E-75E8-45E2-94B8-ED2B7C35D92B}.Ad-Hoc|Any CPU.ActiveCfg = Release|Any CPU
		{A9D16C3E-75E8-45E2-94B8-ED2B7C35D92B}.Ad-Hoc|Any CPU.Build.0 = Release|Any CPU
		{A9D16C3E-75E8-45E2-94B8-ED2B7C35D92B}.Ad-Hoc|Any CPU.Deploy.0 = Release|Any CPU
		{A9D16C3E-75E8-45E2-94B8-ED2B7C35D92B}.Ad-Hoc|ARM.ActiveCfg = Release|ARM
		{A9D16C3E-75E8-45E2-94B8-ED2B7C35D92B}.Ad-Hoc|ARM.Build.0 = Release|ARM
		{A9D16C3E-75E8-45E2-94B8-ED2B7C35D92B}.Ad-Hoc|ARM.Deploy.0 = Release|ARM
		{A9D16C3E-75E8-45E2-94B8-ED2B7C35D92B}.Ad-Hoc|iPhone.ActiveCfg = Release|Any CPU
		{A9D16C3E-75E8-45E2-94B8-ED2B7C35D92B}.Ad-Hoc|iPhone.Build.0 = Release|Any CPU
		{A9D16C3E-75E8-45E2-94B8-ED2B7C35D92B}.Ad-Hoc|iPhone.Deploy.0 = Release|Any CPU
		{A9D16C3E-75E8-45E2-94B8-ED2B7C35D92B}.Ad-Hoc|iPhoneSimulator.ActiveCfg = Release|Any CPU
		{A9D16C3E-75E8-45E2-94B8-ED2B7C35D92B}.Ad-Hoc|iPhoneSimulator.Build.0 = Release|Any CPU
		{A9D16C3E-75E8-45E2-94B8-ED2B7C35D92B}.Ad-Hoc|iPhoneSimulator.Deploy.0 = Release|Any CPU
		{A9D16C3E-75E8-45E2-94B8-ED2B7C35D92B}.Ad-Hoc|x64.ActiveCfg = Release|Any CPU
		{A9D16C3E-75E8-45E2-94B8-ED2B7C35D92B}.Ad-Hoc|x64.Build.0 = Release|Any CPU
		{A9D16C3E-75E8-45E2-94B8-ED2B7C35D92B}.Ad-Hoc|x64.Deploy.0 = Release|Any CPU
		{A9D16C3E-75E8-45E2-94B8-ED2B7C35D92B}.Ad-Hoc|x86.ActiveCfg = Release|x86
		{A9D16C3E-75E8-45E2-94B8-ED2B7C35D92B}.Ad-Hoc|x86.Build.0 = Release|x86
		{A9D16C3E-75E8-45E2-94B8-ED2B7C35D92B}.Ad-Hoc|x86.Deploy.0 = Release|x86
		{A9D16C3E-75E8-45E2-94B8-ED2B7C35D92B}.AppStore|Any CPU.ActiveCfg = Release|Any CPU
		{A9D16C3E-75E8-45E2-94B8-ED2B7C35D92B}.AppStore|Any CPU.Build.0 = Release|Any CPU
		{A9D16C3E-75E8-45E2-94B8-ED2B7C35D92B}.AppStore|Any CPU.Deploy.0 = Release|Any CPU
		{A9D16C3E-75E8-45E2-94B8-ED2B7C35D92B}.AppStore|ARM.ActiveCfg = Release|ARM
		{A9D16C3E-75E8-45E2-94B8-ED2B7C35D92B}.AppStore|ARM.Build.0 = Release|ARM
		{A9D16C3E-75E8-45E2-94B8-ED2B7C35D92B}.AppStore|ARM.Deploy.0 = Release|ARM
		{A9D16C3E-75E8-45E2-94B8-ED2B7C35D92B}.AppStore|iPhone.ActiveCfg = Release|Any CPU
		{A9D16C3E-75E8-45E2-94B8-ED2B7C35D92B}.AppStore|iPhone.Build.0 = Release|Any CPU
		{A9D16C3E-75E8-45E2-94B8-ED2B7C35D92B}.AppStore|iPhone.Deploy.0 = Release|Any CPU
		{A9D16C3E-75E8-45E2-94B8-ED2B7C35D92B}.AppStore|iPhoneSimulator.ActiveCfg = Release|Any CPU
		{A9D16C3E-75E8-45E2-94B8-ED2B7C35D92B}.AppStore|iPhoneSimulator.Build.0 = Release|Any CPU
		{A9D16C3E-75E8-45E2-94B8-ED2B7C35D92B}.AppStore|iPhoneSimulator.Deploy.0 = Release|Any CPU
		{A9D16C3E-75E8-45E2-94B8-ED2B7C35D92B}.AppStore|x64.ActiveCfg = Release|Any CPU
		{A9D16C3E-75E8-45E2-94B8-ED2B7C35D92B}.AppStore|x64.Build.0 = Release|Any CPU
		{A9D16C3E-75E8-45E2-94B8-ED2B7C35D92B}.AppStore|x64.Deploy.0 = Release|Any CPU
		{A9D16C3E-75E8-45E2-94B8-ED2B7C35D92B}.AppStore|x86.ActiveCfg = Release|x86
		{A9D16C3E-75E8-45E2-94B8-ED2B7C35D92B}.AppStore|x86.Build.0 = Release|x86
		{A9D16C3E-75E8-45E2-94B8-ED2B7C35D92B}.AppStore|x86.Deploy.0 = Release|x86
		{A9D16C3E-75E8-45E2-94B8-ED2B7C35D92B}.Debug|Any CPU.ActiveCfg = Debug|Any CPU
		{A9D16C3E-75E8-45E2-94B8-ED2B7C35D92B}.Debug|Any CPU.Build.0 = Debug|Any CPU
		{A9D16C3E-75E8-45E2-94B8-ED2B7C35D92B}.Debug|Any CPU.Deploy.0 = Debug|Any CPU
		{A9D16C3E-75E8-45E2-94B8-ED2B7C35D92B}.Debug|ARM.ActiveCfg = Debug|ARM
		{A9D16C3E-75E8-45E2-94B8-ED2B7C35D92B}.Debug|ARM.Build.0 = Debug|ARM
		{A9D16C3E-75E8-45E2-94B8-ED2B7C35D92B}.Debug|ARM.Deploy.0 = Debug|ARM
		{A9D16C3E-75E8-45E2-94B8-ED2B7C35D92B}.Debug|iPhone.ActiveCfg = Debug|Any CPU
		{A9D16C3E-75E8-45E2-94B8-ED2B7C35D92B}.Debug|iPhone.Build.0 = Debug|Any CPU
		{A9D16C3E-75E8-45E2-94B8-ED2B7C35D92B}.Debug|iPhone.Deploy.0 = Debug|Any CPU
		{A9D16C3E-75E8-45E2-94B8-ED2B7C35D92B}.Debug|iPhoneSimulator.ActiveCfg = Debug|Any CPU
		{A9D16C3E-75E8-45E2-94B8-ED2B7C35D92B}.Debug|iPhoneSimulator.Build.0 = Debug|Any CPU
		{A9D16C3E-75E8-45E2-94B8-ED2B7C35D92B}.Debug|iPhoneSimulator.Deploy.0 = Debug|Any CPU
		{A9D16C3E-75E8-45E2-94B8-ED2B7C35D92B}.Debug|x64.ActiveCfg = Debug|Any CPU
		{A9D16C3E-75E8-45E2-94B8-ED2B7C35D92B}.Debug|x64.Build.0 = Debug|Any CPU
		{A9D16C3E-75E8-45E2-94B8-ED2B7C35D92B}.Debug|x64.Deploy.0 = Debug|Any CPU
		{A9D16C3E-75E8-45E2-94B8-ED2B7C35D92B}.Debug|x86.ActiveCfg = Debug|x86
		{A9D16C3E-75E8-45E2-94B8-ED2B7C35D92B}.Debug|x86.Build.0 = Debug|x86
		{A9D16C3E-75E8-45E2-94B8-ED2B7C35D92B}.Debug|x86.Deploy.0 = Debug|x86
		{A9D16C3E-75E8-45E2-94B8-ED2B7C35D92B}.Release|Any CPU.ActiveCfg = Release|Any CPU
		{A9D16C3E-75E8-45E2-94B8-ED2B7C35D92B}.Release|Any CPU.Build.0 = Release|Any CPU
		{A9D16C3E-75E8-45E2-94B8-ED2B7C35D92B}.Release|Any CPU.Deploy.0 = Release|Any CPU
		{A9D16C3E-75E8-45E2-94B8-ED2B7C35D92B}.Release|ARM.ActiveCfg = Release|ARM
		{A9D16C3E-75E8-45E2-94B8-ED2B7C35D92B}.Release|ARM.Build.0 = Release|ARM
		{A9D16C3E-75E8-45E2-94B8-ED2B7C35D92B}.Release|ARM.Deploy.0 = Release|ARM
		{A9D16C3E-75E8-45E2-94B8-ED2B7C35D92B}.Release|iPhone.ActiveCfg = Release|Any CPU
		{A9D16C3E-75E8-45E2-94B8-ED2B7C35D92B}.Release|iPhone.Build.0 = Release|Any CPU
		{A9D16C3E-75E8-45E2-94B8-ED2B7C35D92B}.Release|iPhone.Deploy.0 = Release|Any CPU
		{A9D16C3E-75E8-45E2-94B8-ED2B7C35D92B}.Release|iPhoneSimulator.ActiveCfg = Release|Any CPU
		{A9D16C3E-75E8-45E2-94B8-ED2B7C35D92B}.Release|iPhoneSimulator.Build.0 = Release|Any CPU
		{A9D16C3E-75E8-45E2-94B8-ED2B7C35D92B}.Release|iPhoneSimulator.Deploy.0 = Release|Any CPU
		{A9D16C3E-75E8-45E2-94B8-ED2B7C35D92B}.Release|x64.ActiveCfg = Release|Any CPU
		{A9D16C3E-75E8-45E2-94B8-ED2B7C35D92B}.Release|x64.Build.0 = Release|Any CPU
		{A9D16C3E-75E8-45E2-94B8-ED2B7C35D92B}.Release|x64.Deploy.0 = Release|Any CPU
		{A9D16C3E-75E8-45E2-94B8-ED2B7C35D92B}.Release|x86.ActiveCfg = Release|x86
		{A9D16C3E-75E8-45E2-94B8-ED2B7C35D92B}.Release|x86.Build.0 = Release|x86
		{A9D16C3E-75E8-45E2-94B8-ED2B7C35D92B}.Release|x86.Deploy.0 = Release|x86
		{98CA980E-6289-49E0-8C7C-378903EC4103}.Ad-Hoc|Any CPU.ActiveCfg = Release|Any CPU
		{98CA980E-6289-49E0-8C7C-378903EC4103}.Ad-Hoc|Any CPU.Build.0 = Release|Any CPU
		{98CA980E-6289-49E0-8C7C-378903EC4103}.Ad-Hoc|ARM.ActiveCfg = Release|Any CPU
		{98CA980E-6289-49E0-8C7C-378903EC4103}.Ad-Hoc|ARM.Build.0 = Release|Any CPU
		{98CA980E-6289-49E0-8C7C-378903EC4103}.Ad-Hoc|iPhone.ActiveCfg = Release|Any CPU
		{98CA980E-6289-49E0-8C7C-378903EC4103}.Ad-Hoc|iPhone.Build.0 = Release|Any CPU
		{98CA980E-6289-49E0-8C7C-378903EC4103}.Ad-Hoc|iPhoneSimulator.ActiveCfg = Release|Any CPU
		{98CA980E-6289-49E0-8C7C-378903EC4103}.Ad-Hoc|iPhoneSimulator.Build.0 = Release|Any CPU
		{98CA980E-6289-49E0-8C7C-378903EC4103}.Ad-Hoc|x64.ActiveCfg = Release|Any CPU
		{98CA980E-6289-49E0-8C7C-378903EC4103}.Ad-Hoc|x64.Build.0 = Release|Any CPU
		{98CA980E-6289-49E0-8C7C-378903EC4103}.Ad-Hoc|x86.ActiveCfg = Release|Any CPU
		{98CA980E-6289-49E0-8C7C-378903EC4103}.Ad-Hoc|x86.Build.0 = Release|Any CPU
		{98CA980E-6289-49E0-8C7C-378903EC4103}.AppStore|Any CPU.ActiveCfg = Release|Any CPU
		{98CA980E-6289-49E0-8C7C-378903EC4103}.AppStore|Any CPU.Build.0 = Release|Any CPU
		{98CA980E-6289-49E0-8C7C-378903EC4103}.AppStore|ARM.ActiveCfg = Release|Any CPU
		{98CA980E-6289-49E0-8C7C-378903EC4103}.AppStore|ARM.Build.0 = Release|Any CPU
		{98CA980E-6289-49E0-8C7C-378903EC4103}.AppStore|iPhone.ActiveCfg = Release|Any CPU
		{98CA980E-6289-49E0-8C7C-378903EC4103}.AppStore|iPhone.Build.0 = Release|Any CPU
		{98CA980E-6289-49E0-8C7C-378903EC4103}.AppStore|iPhoneSimulator.ActiveCfg = Release|Any CPU
		{98CA980E-6289-49E0-8C7C-378903EC4103}.AppStore|iPhoneSimulator.Build.0 = Release|Any CPU
		{98CA980E-6289-49E0-8C7C-378903EC4103}.AppStore|x64.ActiveCfg = Release|Any CPU
		{98CA980E-6289-49E0-8C7C-378903EC4103}.AppStore|x64.Build.0 = Release|Any CPU
		{98CA980E-6289-49E0-8C7C-378903EC4103}.AppStore|x86.ActiveCfg = Release|Any CPU
		{98CA980E-6289-49E0-8C7C-378903EC4103}.AppStore|x86.Build.0 = Release|Any CPU
		{98CA980E-6289-49E0-8C7C-378903EC4103}.Debug|Any CPU.ActiveCfg = Debug|Any CPU
		{98CA980E-6289-49E0-8C7C-378903EC4103}.Debug|Any CPU.Build.0 = Debug|Any CPU
		{98CA980E-6289-49E0-8C7C-378903EC4103}.Debug|ARM.ActiveCfg = Debug|Any CPU
		{98CA980E-6289-49E0-8C7C-378903EC4103}.Debug|ARM.Build.0 = Debug|Any CPU
		{98CA980E-6289-49E0-8C7C-378903EC4103}.Debug|iPhone.ActiveCfg = Debug|Any CPU
		{98CA980E-6289-49E0-8C7C-378903EC4103}.Debug|iPhone.Build.0 = Debug|Any CPU
		{98CA980E-6289-49E0-8C7C-378903EC4103}.Debug|iPhoneSimulator.ActiveCfg = Debug|Any CPU
		{98CA980E-6289-49E0-8C7C-378903EC4103}.Debug|iPhoneSimulator.Build.0 = Debug|Any CPU
		{98CA980E-6289-49E0-8C7C-378903EC4103}.Debug|x64.ActiveCfg = Debug|Any CPU
		{98CA980E-6289-49E0-8C7C-378903EC4103}.Debug|x64.Build.0 = Debug|Any CPU
		{98CA980E-6289-49E0-8C7C-378903EC4103}.Debug|x86.ActiveCfg = Debug|Any CPU
		{98CA980E-6289-49E0-8C7C-378903EC4103}.Debug|x86.Build.0 = Debug|Any CPU
		{98CA980E-6289-49E0-8C7C-378903EC4103}.Release|Any CPU.ActiveCfg = Release|Any CPU
		{98CA980E-6289-49E0-8C7C-378903EC4103}.Release|Any CPU.Build.0 = Release|Any CPU
		{98CA980E-6289-49E0-8C7C-378903EC4103}.Release|ARM.ActiveCfg = Release|Any CPU
		{98CA980E-6289-49E0-8C7C-378903EC4103}.Release|ARM.Build.0 = Release|Any CPU
		{98CA980E-6289-49E0-8C7C-378903EC4103}.Release|iPhone.ActiveCfg = Release|Any CPU
		{98CA980E-6289-49E0-8C7C-378903EC4103}.Release|iPhone.Build.0 = Release|Any CPU
		{98CA980E-6289-49E0-8C7C-378903EC4103}.Release|iPhoneSimulator.ActiveCfg = Release|Any CPU
		{98CA980E-6289-49E0-8C7C-378903EC4103}.Release|iPhoneSimulator.Build.0 = Release|Any CPU
		{98CA980E-6289-49E0-8C7C-378903EC4103}.Release|x64.ActiveCfg = Release|Any CPU
		{98CA980E-6289-49E0-8C7C-378903EC4103}.Release|x64.Build.0 = Release|Any CPU
		{98CA980E-6289-49E0-8C7C-378903EC4103}.Release|x86.ActiveCfg = Release|Any CPU
		{98CA980E-6289-49E0-8C7C-378903EC4103}.Release|x86.Build.0 = Release|Any CPU
	EndGlobalSection
	GlobalSection(SolutionProperties) = preSolution
		HideSolutionNode = FALSE
	EndGlobalSection
	GlobalSection(NestedProjects) = preSolution
		{2D968A5E-4FC9-4180-826C-7AAB43F8B681} = {4B68A2DD-CAB2-40DC-BC93-02BB6BF0DBA6}
		{80265BC1-4EC7-454E-8528-834468DE883D} = {10A8C0C4-1A4D-447D-AEC7-CC1726D3555B}
		{2C785179-0D1D-4EC0-AB4F-2BD8335143D6} = {10A8C0C4-1A4D-447D-AEC7-CC1726D3555B}
		{31754560-AA79-4751-9807-775B78F26E91} = {1E64E5F8-33CE-446A-ABFB-C7826C44E120}
		{3B9D0F42-751B-48E9-A084-0BE32495C907} = {1E64E5F8-33CE-446A-ABFB-C7826C44E120}
		{A9D16C3E-75E8-45E2-94B8-ED2B7C35D92B} = {1E64E5F8-33CE-446A-ABFB-C7826C44E120}
		{98CA980E-6289-49E0-8C7C-378903EC4103} = {E806C1FA-4FDA-4CF3-9084-7200B6C46CA9}
	EndGlobalSection
EndGlobal
